
Microsoft Visual Studio Solution File, Format Version 12.00
# Visual Studio Version 17
VisualStudioVersion = 17.14.36623.8 d17.14
MinimumVisualStudioVersion = 10.0.40219.1
Project("{FAE04EC0-301F-11D3-BF4B-00C04F79EFBC}") = "BlogApi", "BlogApi.csproj", "{7611BAEB-099D-47B4-9CD2-F7970C58A738}"
EndProject
Global
	GlobalSection(SolutionConfigurationPlatforms) = preSolution
		Debug|Any CPU = Debug|Any CPU
		Release|Any CPU = Release|Any CPU
	EndGlobalSection
	GlobalSection(ProjectConfigurationPlatforms) = postSolution
		{7611BAEB-099D-47B4-9CD2-F7970C58A738}.Debug|Any CPU.ActiveCfg = Debug|Any CPU
		{7611BAEB-099D-47B4-9CD2-F7970C58A738}.Debug|Any CPU.Build.0 = Debug|Any CPU
		{7611BAEB-099D-47B4-9CD2-F7970C58A738}.Release|Any CPU.ActiveCfg = Release|Any CPU
		{7611BAEB-099D-47B4-9CD2-F7970C58A738}.Release|Any CPU.Build.0 = Release|Any CPU
	EndGlobalSection
	GlobalSection(SolutionProperties) = preSolution
		HideSolutionNode = FALSE
	EndGlobalSection
	GlobalSection(ExtensibilityGlobals) = postSolution
		SolutionGuid = {7B9028FE-98DE-4D01-BF82-E8556EAB5FC7}
	EndGlobalSection
EndGlobal
